
Microsoft Visual Studio Solution File, Format Version 12.00
# Visual Studio Version 17
VisualStudioVersion = 17.10.35004.147
MinimumVisualStudioVersion = 10.0.40219.1
Project("{FAE04EC0-301F-11D3-BF4B-00C04F79EFBC}") = "product_Management_System", "product_Management_System\product_Management_System.csproj", "{C63E730D-8218-4F59-80FB-32E612BEFF1E}"
EndProject
Global
	GlobalSection(SolutionConfigurationPlatforms) = preSolution
		Debug|Any CPU = Debug|Any CPU
		Release|Any CPU = Release|Any CPU
	EndGlobalSection
	GlobalSection(ProjectConfigurationPlatforms) = postSolution
		{C63E730D-8218-4F59-80FB-32E612BEFF1E}.Debug|Any CPU.ActiveCfg = Debug|Any CPU
		{C63E730D-8218-4F59-80FB-32E612BEFF1E}.Debug|Any CPU.Build.0 = Debug|Any CPU
		{C63E730D-8218-4F59-80FB-32E612BEFF1E}.Release|Any CPU.ActiveCfg = Release|Any CPU
		{C63E730D-8218-4F59-80FB-32E612BEFF1E}.Release|Any CPU.Build.0 = Release|Any CPU
	EndGlobalSection
	GlobalSection(SolutionProperties) = preSolution
		HideSolutionNode = FALSE
	EndGlobalSection
	GlobalSection(ExtensibilityGlobals) = postSolution
		SolutionGuid = {AF3B0E2F-1274-46D5-9B73-C2B20302445C}
	EndGlobalSection
EndGlobal
